
Microsoft Visual Studio Solution File, Format Version 12.00
# Visual Studio 15
VisualStudioVersion = 15.0.28307.421
MinimumVisualStudioVersion = 10.0.40219.1
Project("{FAE04EC0-301F-11D3-BF4B-00C04F79EFBC}") = "SalePC", "SalePC\SalePC.csproj", "{A36AFC51-89A6-40B9-B9DD-E76E937B2217}"
EndProject
Project("{FAE04EC0-301F-11D3-BF4B-00C04F79EFBC}") = "SalePCServiceDAL", "SalePCServiceDAL\SalePCServiceDAL.csproj", "{C5A5743D-28FE-497E-9EE3-425C92C1B1D8}"
EndProject
Project("{FAE04EC0-301F-11D3-BF4B-00C04F79EFBC}") = "SalePCServiceImplementList", "SalePCServiceImplementList\SalePCServiceImplementList.csproj", "{CC6E83AC-EB03-43AA-91BB-E5E6CDFD507C}"
EndProject
Project("{FAE04EC0-301F-11D3-BF4B-00C04F79EFBC}") = "SalePCView", "SalePCView\SalePCView.csproj", "{447917BB-AD9D-4764-84AB-1E90AACA0401}"
EndProject
Project("{FAE04EC0-301F-11D3-BF4B-00C04F79EFBC}") = "SalePCViewWPF", "SalePCView_WPF\SalePCViewWPF.csproj", "{3548FAA5-114E-4374-9992-790AD0AEEDF7}"
EndProject
Global
	GlobalSection(SolutionConfigurationPlatforms) = preSolution
		Debug|Any CPU = Debug|Any CPU
		Release|Any CPU = Release|Any CPU
	EndGlobalSection
	GlobalSection(ProjectConfigurationPlatforms) = postSolution
		{A36AFC51-89A6-40B9-B9DD-E76E937B2217}.Debug|Any CPU.ActiveCfg = Debug|Any CPU
		{A36AFC51-89A6-40B9-B9DD-E76E937B2217}.Debug|Any CPU.Build.0 = Debug|Any CPU
		{A36AFC51-89A6-40B9-B9DD-E76E937B2217}.Release|Any CPU.ActiveCfg = Release|Any CPU
		{A36AFC51-89A6-40B9-B9DD-E76E937B2217}.Release|Any CPU.Build.0 = Release|Any CPU
		{C5A5743D-28FE-497E-9EE3-425C92C1B1D8}.Debug|Any CPU.ActiveCfg = Debug|Any CPU
		{C5A5743D-28FE-497E-9EE3-425C92C1B1D8}.Debug|Any CPU.Build.0 = Debug|Any CPU
		{C5A5743D-28FE-497E-9EE3-425C92C1B1D8}.Release|Any CPU.ActiveCfg = Release|Any CPU
		{C5A5743D-28FE-497E-9EE3-425C92C1B1D8}.Release|Any CPU.Build.0 = Release|Any CPU
		{CC6E83AC-EB03-43AA-91BB-E5E6CDFD507C}.Debug|Any CPU.ActiveCfg = Debug|Any CPU
		{CC6E83AC-EB03-43AA-91BB-E5E6CDFD507C}.Debug|Any CPU.Build.0 = Debug|Any CPU
		{CC6E83AC-EB03-43AA-91BB-E5E6CDFD507C}.Release|Any CPU.ActiveCfg = Release|Any CPU
		{CC6E83AC-EB03-43AA-91BB-E5E6CDFD507C}.Release|Any CPU.Build.0 = Release|Any CPU
		{447917BB-AD9D-4764-84AB-1E90AACA0401}.Debug|Any CPU.ActiveCfg = Debug|Any CPU
		{447917BB-AD9D-4764-84AB-1E90AACA0401}.Debug|Any CPU.Build.0 = Debug|Any CPU
		{447917BB-AD9D-4764-84AB-1E90AACA0401}.Release|Any CPU.ActiveCfg = Release|Any CPU
		{447917BB-AD9D-4764-84AB-1E90AACA0401}.Release|Any CPU.Build.0 = Release|Any CPU
		{3548FAA5-114E-4374-9992-790AD0AEEDF7}.Debug|Any CPU.ActiveCfg = Debug|Any CPU
		{3548FAA5-114E-4374-9992-790AD0AEEDF7}.Debug|Any CPU.Build.0 = Debug|Any CPU
		{3548FAA5-114E-4374-9992-790AD0AEEDF7}.Release|Any CPU.ActiveCfg = Release|Any CPU
		{3548FAA5-114E-4374-9992-790AD0AEEDF7}.Release|Any CPU.Build.0 = Release|Any CPU
	EndGlobalSection
	GlobalSection(SolutionProperties) = preSolution
		HideSolutionNode = FALSE
	EndGlobalSection
	GlobalSection(ExtensibilityGlobals) = postSolution
		SolutionGuid = {E0106802-4DF3-4F5F-B9EB-919AD9E46FA3}
	EndGlobalSection
EndGlobal
